// !$*UTF8*$!
{
	archiveVersion = 1;
	classes = {
	};
	objectVersion = 50;
	objects = {

/* Begin PBXBuildFile section */
		21D774CE292939BB0053499A /* AppDelegate.swift in Sources */ = {isa = PBXBuildFile; fileRef = 21D774CD292939BB0053499A /* AppDelegate.swift */; };
		21D774D0292939BB0053499A /* GameScene.sks in Resources */ = {isa = PBXBuildFile; fileRef = 21D774CF292939BB0053499A /* GameScene.sks */; };
		21D774D2292939BB0053499A /* Actions.sks in Resources */ = {isa = PBXBuildFile; fileRef = 21D774D1292939BB0053499A /* Actions.sks */; };
		21D774D4292939BB0053499A /* GameScene.swift in Sources */ = {isa = PBXBuildFile; fileRef = 21D774D3292939BB0053499A /* GameScene.swift */; };
		21D774D6292939BB0053499A /* GameViewController.swift in Sources */ = {isa = PBXBuildFile; fileRef = 21D774D5292939BB0053499A /* GameViewController.swift */; };
		21D774D9292939BB0053499A /* Main.storyboard in Resources */ = {isa = PBXBuildFile; fileRef = 21D774D7292939BB0053499A /* Main.storyboard */; };
		21D774DB292939BC0053499A /* Assets.xcassets in Resources */ = {isa = PBXBuildFile; fileRef = 21D774DA292939BC0053499A /* Assets.xcassets */; };
		21D774E6292939BC0053499A /* AngryBirdCloneTests.swift in Sources */ = {isa = PBXBuildFile; fileRef = 21D774E5292939BC0053499A /* AngryBirdCloneTests.swift */; };
		21D774F1292939BC0053499A /* AngryBirdCloneUITests.swift in Sources */ = {isa = PBXBuildFile; fileRef = 21D774F0292939BC0053499A /* AngryBirdCloneUITests.swift */; };
/* End PBXBuildFile section */

/* Begin PBXContainerItemProxy section */
		21D774E2292939BC0053499A /* PBXContainerItemProxy */ = {
			isa = PBXContainerItemProxy;
			containerPortal = 21D774C2292939BB0053499A /* Project object */;
			proxyType = 1;
			remoteGlobalIDString = 21D774C9292939BB0053499A;
			remoteInfo = AngryBirdClone;
		};
		21D774ED292939BC0053499A /* PBXContainerItemProxy */ = {
			isa = PBXContainerItemProxy;
			containerPortal = 21D774C2292939BB0053499A /* Project object */;
			proxyType = 1;
			remoteGlobalIDString = 21D774C9292939BB0053499A;
			remoteInfo = AngryBirdClone;
		};
/* End PBXContainerItemProxy section */

/* Begin PBXFileReference section */
		21D774CA292939BB0053499A /* AngryBirdClone.app */ = {isa = PBXFileReference; explicitFileType = wrapper.application; includeInIndex = 0; path = AngryBirdClone.app; sourceTree = BUILT_PRODUCTS_DIR; };
		21D774CD292939BB0053499A /* AppDelegate.swift */ = {isa = PBXFileReference; lastKnownFileType = sourcecode.swift; path = AppDelegate.swift; sourceTree = "<group>"; };
		21D774CF292939BB0053499A /* GameScene.sks */ = {isa = PBXFileReference; lastKnownFileType = file.sks; path = GameScene.sks; sourceTree = "<group>"; };
		21D774D1292939BB0053499A /* Actions.sks */ = {isa = PBXFileReference; lastKnownFileType = file.sks; path = Actions.sks; sourceTree = "<group>"; };
		21D774D3292939BB0053499A /* GameScene.swift */ = {isa = PBXFileReference; lastKnownFileType = sourcecode.swift; path = GameScene.swift; sourceTree = "<group>"; };
		21D774D5292939BB0053499A /* GameViewController.swift */ = {isa = PBXFileReference; lastKnownFileType = sourcecode.swift; path = GameViewController.swift; sourceTree = "<group>"; };
		21D774D8292939BB0053499A /* Base */ = {isa = PBXFileReference; lastKnownFileType = file.storyboard; name = Base; path = Base.lproj/Main.storyboard; sourceTree = "<group>"; };
		21D774DA292939BC0053499A /* Assets.xcassets */ = {isa = PBXFileReference; lastKnownFileType = folder.assetcatalog; path = Assets.xcassets; sourceTree = "<group>"; };
		21D774DC292939BC0053499A /* Info.plist */ = {isa = PBXFileReference; lastKnownFileType = text.plist.xml; path = Info.plist; sourceTree = "<group>"; };
		21D774E1292939BC0053499A /* AngryBirdCloneTests.xctest */ = {isa = PBXFileReference; explicitFileType = wrapper.cfbundle; includeInIndex = 0; path = AngryBirdCloneTests.xctest; sourceTree = BUILT_PRODUCTS_DIR; };
		21D774E5292939BC0053499A /* AngryBirdCloneTests.swift */ = {isa = PBXFileReference; lastKnownFileType = sourcecode.swift; path = AngryBirdCloneTests.swift; sourceTree = "<group>"; };
		21D774E7292939BC0053499A /* Info.plist */ = {isa = PBXFileReference; lastKnownFileType = text.plist.xml; path = Info.plist; sourceTree = "<group>"; };
		21D774EC292939BC0053499A /* AngryBirdCloneUITests.xctest */ = {isa = PBXFileReference; explicitFileType = wrapper.cfbundle; includeInIndex = 0; path = AngryBirdCloneUITests.xctest; sourceTree = BUILT_PRODUCTS_DIR; };
		21D774F0292939BC0053499A /* AngryBirdCloneUITests.swift */ = {isa = PBXFileReference; lastKnownFileType = sourcecode.swift; path = AngryBirdCloneUITests.swift; sourceTree = "<group>"; };
		21D774F2292939BC0053499A /* Info.plist */ = {isa = PBXFileReference; lastKnownFileType = text.plist.xml; path = Info.plist; sourceTree = "<group>"; };
/* End PBXFileReference section */

/* Begin PBXFrameworksBuildPhase section */
		21D774C7292939BB0053499A /* Frameworks */ = {
			isa = PBXFrameworksBuildPhase;
			buildActionMask = 2147483647;
			files = (
			);
			runOnlyForDeploymentPostprocessing = 0;
		};
		21D774DE292939BC0053499A /* Frameworks */ = {
			isa = PBXFrameworksBuildPhase;
			buildActionMask = 2147483647;
			files = (
			);
			runOnlyForDeploymentPostprocessing = 0;
		};
		21D774E9292939BC0053499A /* Frameworks */ = {
			isa = PBXFrameworksBuildPhase;
			buildActionMask = 2147483647;
			files = (
			);
			runOnlyForDeploymentPostprocessing = 0;
		};
/* End PBXFrameworksBuildPhase section */

/* Begin PBXGroup section */
		21D774C1292939BB0053499A = {
			isa = PBXGroup;
			children = (
				21D774CC292939BB0053499A /* AngryBirdClone */,
				21D774E4292939BC0053499A /* AngryBirdCloneTests */,
				21D774EF292939BC0053499A /* AngryBirdCloneUITests */,
				21D774CB292939BB0053499A /* Products */,
			);
			sourceTree = "<group>";
		};
		21D774CB292939BB0053499A /* Products */ = {
			isa = PBXGroup;
			children = (
				21D774CA292939BB0053499A /* AngryBirdClone.app */,
				21D774E1292939BC0053499A /* AngryBirdCloneTests.xctest */,
				21D774EC292939BC0053499A /* AngryBirdCloneUITests.xctest */,
			);
			name = Products;
			sourceTree = "<group>";
		};
		21D774CC292939BB0053499A /* AngryBirdClone */ = {
			isa = PBXGroup;
			children = (
				21D774CD292939BB0053499A /* AppDelegate.swift */,
				21D774CF292939BB0053499A /* GameScene.sks */,
				21D774D1292939BB0053499A /* Actions.sks */,
				21D774D3292939BB0053499A /* GameScene.swift */,
				21D774D5292939BB0053499A /* GameViewController.swift */,
				21D774D7292939BB0053499A /* Main.storyboard */,
				21D774DA292939BC0053499A /* Assets.xcassets */,
				21D774DC292939BC0053499A /* Info.plist */,
			);
			path = AngryBirdClone;
			sourceTree = "<group>";
		};
		21D774E4292939BC0053499A /* AngryBirdCloneTests */ = {
			isa = PBXGroup;
			children = (
				21D774E5292939BC0053499A /* AngryBirdCloneTests.swift */,
				21D774E7292939BC0053499A /* Info.plist */,
			);
			path = AngryBirdCloneTests;
			sourceTree = "<group>";
		};
		21D774EF292939BC0053499A /* AngryBirdCloneUITests */ = {
			isa = PBXGroup;
			children = (
				21D774F0292939BC0053499A /* AngryBirdCloneUITests.swift */,
				21D774F2292939BC0053499A /* Info.plist */,
			);
			path = AngryBirdCloneUITests;
			sourceTree = "<group>";
		};
/* End PBXGroup section */

/* Begin PBXNativeTarget section */
		21D774C9292939BB0053499A /* AngryBirdClone */ = {
			isa = PBXNativeTarget;
			buildConfigurationList = 21D774F5292939BC0053499A /* Build configuration list for PBXNativeTarget "AngryBirdClone" */;
			buildPhases = (
				21D774C6292939BB0053499A /* Sources */,
				21D774C7292939BB0053499A /* Frameworks */,
				21D774C8292939BB0053499A /* Resources */,
			);
			buildRules = (
			);
			dependencies = (
			);
			name = AngryBirdClone;
			productName = AngryBirdClone;
			productReference = 21D774CA292939BB0053499A /* AngryBirdClone.app */;
			productType = "com.apple.product-type.application";
		};
		21D774E0292939BC0053499A /* AngryBirdCloneTests */ = {
			isa = PBXNativeTarget;
			buildConfigurationList = 21D774F8292939BC0053499A /* Build configuration list for PBXNativeTarget "AngryBirdCloneTests" */;
			buildPhases = (
				21D774DD292939BC0053499A /* Sources */,
				21D774DE292939BC0053499A /* Frameworks */,
				21D774DF292939BC0053499A /* Resources */,
			);
			buildRules = (
			);
			dependencies = (
				21D774E3292939BC0053499A /* PBXTargetDependency */,
			);
			name = AngryBirdCloneTests;
			productName = AngryBirdCloneTests;
			productReference = 21D774E1292939BC0053499A /* AngryBirdCloneTests.xctest */;
			productType = "com.apple.product-type.bundle.unit-test";
		};
		21D774EB292939BC0053499A /* AngryBirdCloneUITests */ = {
			isa = PBXNativeTarget;
			buildConfigurationList = 21D774FB292939BC0053499A /* Build configuration list for PBXNativeTarget "AngryBirdCloneUITests" */;
			buildPhases = (
				21D774E8292939BC0053499A /* Sources */,
				21D774E9292939BC0053499A /* Frameworks */,
				21D774EA292939BC0053499A /* Resources */,
			);
			buildRules = (
			);
			dependencies = (
				21D774EE292939BC0053499A /* PBXTargetDependency */,
			);
			name = AngryBirdCloneUITests;
			productName = AngryBirdCloneUITests;
			productReference = 21D774EC292939BC0053499A /* AngryBirdCloneUITests.xctest */;
			productType = "com.apple.product-type.bundle.ui-testing";
		};
/* End PBXNativeTarget section */

/* Begin PBXProject section */
		21D774C2292939BB0053499A /* Project object */ = {
			isa = PBXProject;
			attributes = {
				LastSwiftUpdateCheck = 1250;
				LastUpgradeCheck = 1250;
				TargetAttributes = {
					21D774C9292939BB0053499A = {
						CreatedOnToolsVersion = 12.5.1;
					};
					21D774E0292939BC0053499A = {
						CreatedOnToolsVersion = 12.5.1;
						TestTargetID = 21D774C9292939BB0053499A;
					};
					21D774EB292939BC0053499A = {
						CreatedOnToolsVersion = 12.5.1;
						TestTargetID = 21D774C9292939BB0053499A;
					};
				};
			};
			buildConfigurationList = 21D774C5292939BB0053499A /* Build configuration list for PBXProject "AngryBirdClone" */;
			compatibilityVersion = "Xcode 9.3";
			developmentRegion = en;
			hasScannedForEncodings = 0;
			knownRegions = (
				en,
				Base,
			);
			mainGroup = 21D774C1292939BB0053499A;
			productRefGroup = 21D774CB292939BB0053499A /* Products */;
			projectDirPath = "";
			projectRoot = "";
			targets = (
				21D774C9292939BB0053499A /* AngryBirdClone */,
				21D774E0292939BC0053499A /* AngryBirdCloneTests */,
				21D774EB292939BC0053499A /* AngryBirdCloneUITests */,
			);
		};
/* End PBXProject section */

/* Begin PBXResourcesBuildPhase section */
		21D774C8292939BB0053499A /* Resources */ = {
			isa = PBXResourcesBuildPhase;
			buildActionMask = 2147483647;
			files = (
				21D774D9292939BB0053499A /* Main.storyboard in Resources */,
				21D774D0292939BB0053499A /* GameScene.sks in Resources */,
				21D774DB292939BC0053499A /* Assets.xcassets in Resources */,
				21D774D2292939BB0053499A /* Actions.sks in Resources */,
			);
			runOnlyForDeploymentPostprocessing = 0;
		};
		21D774DF292939BC0053499A /* Resources */ = {
			isa = PBXResourcesBuildPhase;
			buildActionMask = 2147483647;
			files = (
			);
			runOnlyForDeploymentPostprocessing = 0;
		};
		21D774EA292939BC0053499A /* Resources */ = {
			isa = PBXResourcesBuildPhase;
			buildActionMask = 2147483647;
			files = (
			);
			runOnlyForDeploymentPostprocessing = 0;
		};
/* End PBXResourcesBuildPhase section */

/* Begin PBXSourcesBuildPhase section */
		21D774C6292939BB0053499A /* Sources */ = {
			isa = PBXSourcesBuildPhase;
			buildActionMask = 2147483647;
			files = (
				21D774D4292939BB0053499A /* GameScene.swift in Sources */,
				21D774D6292939BB0053499A /* GameViewController.swift in Sources */,
				21D774CE292939BB0053499A /* AppDelegate.swift in Sources */,
			);
			runOnlyForDeploymentPostprocessing = 0;
		};
		21D774DD292939BC0053499A /* Sources */ = {
			isa = PBXSourcesBuildPhase;
			buildActionMask = 2147483647;
			files = (
				21D774E6292939BC0053499A /* AngryBirdCloneTests.swift in Sources */,
			);
			runOnlyForDeploymentPostprocessing = 0;
		};
		21D774E8292939BC0053499A /* Sources */ = {
			isa = PBXSourcesBuildPhase;
			buildActionMask = 2147483647;
			files = (
				21D774F1292939BC0053499A /* AngryBirdCloneUITests.swift in Sources */,
			);
			runOnlyForDeploymentPostprocessing = 0;
		};
/* End PBXSourcesBuildPhase section */

/* Begin PBXTargetDependency section */
		21D774E3292939BC0053499A /* PBXTargetDependency */ = {
			isa = PBXTargetDependency;
			target = 21D774C9292939BB0053499A /* AngryBirdClone */;
			targetProxy = 21D774E2292939BC0053499A /* PBXContainerItemProxy */;
		};
		21D774EE292939BC0053499A /* PBXTargetDependency */ = {
			isa = PBXTargetDependency;
			target = 21D774C9292939BB0053499A /* AngryBirdClone */;
			targetProxy = 21D774ED292939BC0053499A /* PBXContainerItemProxy */;
		};
/* End PBXTargetDependency section */

/* Begin PBXVariantGroup section */
		21D774D7292939BB0053499A /* Main.storyboard */ = {
			isa = PBXVariantGroup;
			children = (
				21D774D8292939BB0053499A /* Base */,
			);
			name = Main.storyboard;
			sourceTree = "<group>";
		};
/* End PBXVariantGroup section */

/* Begin XCBuildConfiguration section */
		21D774F3292939BC0053499A /* Debug */ = {
			isa = XCBuildConfiguration;
			buildSettings = {
				ALWAYS_SEARCH_USER_PATHS = NO;
				CLANG_ANALYZER_NONNULL = YES;
				CLANG_ANALYZER_NUMBER_OBJECT_CONVERSION = YES_AGGRESSIVE;
				CLANG_CXX_LANGUAGE_STANDARD = "gnu++14";
				CLANG_CXX_LIBRARY = "libc++";
				CLANG_ENABLE_MODULES = YES;
				CLANG_ENABLE_OBJC_ARC = YES;
				CLANG_ENABLE_OBJC_WEAK = YES;
				CLANG_WARN_BLOCK_CAPTURE_AUTORELEASING = YES;
				CLANG_WARN_BOOL_CONVERSION = YES;
				CLANG_WARN_COMMA = YES;
				CLANG_WARN_CONSTANT_CONVERSION = YES;
				CLANG_WARN_DEPRECATED_OBJC_IMPLEMENTATIONS = YES;
				CLANG_WARN_DIRECT_OBJC_ISA_USAGE = YES_ERROR;
				CLANG_WARN_DOCUMENTATION_COMMENTS = YES;
				CLANG_WARN_EMPTY_BODY = YES;
				CLANG_WARN_ENUM_CONVERSION = YES;
				CLANG_WARN_INFINITE_RECURSION = YES;
				CLANG_WARN_INT_CONVERSION = YES;
				CLANG_WARN_NON_LITERAL_NULL_CONVERSION = YES;
				CLANG_WARN_OBJC_IMPLICIT_RETAIN_SELF = YES;
				CLANG_WARN_OBJC_LITERAL_CONVERSION = YES;
				CLANG_WARN_OBJC_ROOT_CLASS = YES_ERROR;
				CLANG_WARN_QUOTED_INCLUDE_IN_FRAMEWORK_HEADER = YES;
				CLANG_WARN_RANGE_LOOP_ANALYSIS = YES;
				CLANG_WARN_STRICT_PROTOTYPES = YES;
				CLANG_WARN_SUSPICIOUS_MOVE = YES;
				CLANG_WARN_UNGUARDED_AVAILABILITY = YES_AGGRESSIVE;
				CLANG_WARN_UNREACHABLE_CODE = YES;
				CLANG_WARN__DUPLICATE_METHOD_MATCH = YES;
				COPY_PHASE_STRIP = NO;
				DEBUG_INFORMATION_FORMAT = dwarf;
				ENABLE_STRICT_OBJC_MSGSEND = YES;
				ENABLE_TESTABILITY = YES;
				GCC_C_LANGUAGE_STANDARD = gnu11;
				GCC_DYNAMIC_NO_PIC = NO;
				GCC_NO_COMMON_BLOCKS = YES;
				GCC_OPTIMIZATION_LEVEL = 0;
				GCC_PREPROCESSOR_DEFINITIONS = (
					"DEBUG=1",
					"$(inherited)",
				);
				GCC_WARN_64_TO_32_BIT_CONVERSION = YES;
				GCC_WARN_ABOUT_RETURN_TYPE = YES_ERROR;
				GCC_WARN_UNDECLARED_SELECTOR = YES;
				GCC_WARN_UNINITIALIZED_AUTOS = YES_AGGRESSIVE;
				GCC_WARN_UNUSED_FUNCTION = YES;
				GCC_WARN_UNUSED_VARIABLE = YES;
				IPHONEOS_DEPLOYMENT_TARGET = 14.5;
				MTL_ENABLE_DEBUG_INFO = INCLUDE_SOURCE;
				MTL_FAST_MATH = YES;
				ONLY_ACTIVE_ARCH = YES;
				SDKROOT = iphoneos;
				SWIFT_ACTIVE_COMPILATION_CONDITIONS = DEBUG;
				SWIFT_OPTIMIZATION_LEVEL = "-Onone";
			};
			name = Debug;
		};
		21D774F4292939BC0053499A /* Release */ = {
			isa = XCBuildConfiguration;
			buildSettings = {
				ALWAYS_SEARCH_USER_PATHS = NO;
				CLANG_ANALYZER_NONNULL = YES;
				CLANG_ANALYZER_NUMBER_OBJECT_CONVERSION = YES_AGGRESSIVE;
				CLANG_CXX_LANGUAGE_STANDARD = "gnu++14";
				CLANG_CXX_LIBRARY = "libc++";
				CLANG_ENABLE_MODULES = YES;
				CLANG_ENABLE_OBJC_ARC = YES;
				CLANG_ENABLE_OBJC_WEAK = YES;
				CLANG_WARN_BLOCK_CAPTURE_AUTORELEASING = YES;
				CLANG_WARN_BOOL_CONVERSION = YES;
				CLANG_WARN_COMMA = YES;
				CLANG_WARN_CONSTANT_CONVERSION = YES;
				CLANG_WARN_DEPRECATED_OBJC_IMPLEMENTATIONS = YES;
				CLANG_WARN_DIRECT_OBJC_ISA_USAGE = YES_ERROR;
				CLANG_WARN_DOCUMENTATION_COMMENTS = YES;
				CLANG_WARN_EMPTY_BODY = YES;
				CLANG_WARN_ENUM_CONVERSION = YES;
				CLANG_WARN_INFINITE_RECURSION = YES;
				CLANG_WARN_INT_CONVERSION = YES;
				CLANG_WARN_NON_LITERAL_NULL_CONVERSION = YES;
				CLANG_WARN_OBJC_IMPLICIT_RETAIN_SELF = YES;
				CLANG_WARN_OBJC_LITERAL_CONVERSION = YES;
				CLANG_WARN_OBJC_ROOT_CLASS = YES_ERROR;
				CLANG_WARN_QUOTED_INCLUDE_IN_FRAMEWORK_HEADER = YES;
				CLANG_WARN_RANGE_LOOP_ANALYSIS = YES;
				CLANG_WARN_STRICT_PROTOTYPES = YES;
				CLANG_WARN_SUSPICIOUS_MOVE = YES;
				CLANG_WARN_UNGUARDED_AVAILABILITY = YES_AGGRESSIVE;
				CLANG_WARN_UNREACHABLE_CODE = YES;
				CLANG_WARN__DUPLICATE_METHOD_MATCH = YES;
				COPY_PHASE_STRIP = NO;
				DEBUG_INFORMATION_FORMAT = "dwarf-with-dsym";
				ENABLE_NS_ASSERTIONS = NO;
				ENABLE_STRICT_OBJC_MSGSEND = YES;
				GCC_C_LANGUAGE_STANDARD = gnu11;
				GCC_NO_COMMON_BLOCKS = YES;
				GCC_WARN_64_TO_32_BIT_CONVERSION = YES;
				GCC_WARN_ABOUT_RETURN_TYPE = YES_ERROR;
				GCC_WARN_UNDECLARED_SELECTOR = YES;
				GCC_WARN_UNINITIALIZED_AUTOS = YES_AGGRESSIVE;
				GCC_WARN_UNUSED_FUNCTION = YES;
				GCC_WARN_UNUSED_VARIABLE = YES;
				IPHONEOS_DEPLOYMENT_TARGET = 14.5;
				MTL_ENABLE_DEBUG_INFO = NO;
				MTL_FAST_MATH = YES;
				SDKROOT = iphoneos;
				SWIFT_COMPILATION_MODE = wholemodule;
				SWIFT_OPTIMIZATION_LEVEL = "-O";
				VALIDATE_PRODUCT = YES;
			};
			name = Release;
		};
		21D774F6292939BC0053499A /* Debug */ = {
			isa = XCBuildConfiguration;
			buildSettings = {
				ASSETCATALOG_COMPILER_APPICON_NAME = AppIcon;
				ASSETCATALOG_COMPILER_GLOBAL_ACCENT_COLOR_NAME = AccentColor;
				CODE_SIGN_STYLE = Automatic;
				DEVELOPMENT_TEAM = 3BX64U658L;
				INFOPLIST_FILE = AngryBirdClone/Info.plist;
				LD_RUNPATH_SEARCH_PATHS = (
					"$(inherited)",
					"@executable_path/Frameworks",
				);
				PRODUCT_BUNDLE_IDENTIFIER = com.melih.test1.AngryBirdClone;
				PRODUCT_NAME = "$(TARGET_NAME)";
				SWIFT_VERSION = 5.0;
				TARGETED_DEVICE_FAMILY = "1,2";
			};
			name = Debug;
		};
		21D774F7292939BC0053499A /* Release */ = {
			isa = XCBuildConfiguration;
			buildSettings = {
				ASSETCATALOG_COMPILER_APPICON_NAME = AppIcon;
				ASSETCATALOG_COMPILER_GLOBAL_ACCENT_COLOR_NAME = AccentColor;
				CODE_SIGN_STYLE = Automatic;
				DEVELOPMENT_TEAM = 3BX64U658L;
				INFOPLIST_FILE = AngryBirdClone/Info.plist;
				LD_RUNPATH_SEARCH_PATHS = (
					"$(inherited)",
					"@executable_path/Frameworks",
				);
				PRODUCT_BUNDLE_IDENTIFIER = com.melih.test1.AngryBirdClone;
				PRODUCT_NAME = "$(TARGET_NAME)";
				SWIFT_VERSION = 5.0;
				TARGETED_DEVICE_FAMILY = "1,2";
			};
			name = Release;
		};
		21D774F9292939BC0053499A /* Debug */ = {
			isa = XCBuildConfiguration;
			buildSettings = {
				ALWAYS_EMBED_SWIFT_STANDARD_LIBRARIES = YES;
				BUNDLE_LOADER = "$(TEST_HOST)";
				CODE_SIGN_STYLE = Automatic;
				DEVELOPMENT_TEAM = 3BX64U658L;
				INFOPLIST_FILE = AngryBirdCloneTests/Info.plist;
				IPHONEOS_DEPLOYMENT_TARGET = 14.5;
				LD_RUNPATH_SEARCH_PATHS = (
					"$(inherited)",
					"@executable_path/Frameworks",
					"@loader_path/Frameworks",
				);
				PRODUCT_BUNDLE_IDENTIFIER = com.melih.test1.AngryBirdCloneTests;
				PRODUCT_NAME = "$(TARGET_NAME)";
				SWIFT_VERSION = 5.0;
				TARGETED_DEVICE_FAMILY = "1,2";
				TEST_HOST = "$(BUILT_PRODUCTS_DIR)/AngryBirdClone.app/AngryBirdClone";
			};
			name = Debug;
		};
		21D774FA292939BC0053499A /* Release */ = {
			isa = XCBuildConfiguration;
			buildSettings = {
				ALWAYS_EMBED_SWIFT_STANDARD_LIBRARIES = YES;
				BUNDLE_LOADER = "$(TEST_HOST)";
				CODE_SIGN_STYLE = Automatic;
				DEVELOPMENT_TEAM = 3BX64U658L;
				INFOPLIST_FILE = AngryBirdCloneTests/Info.plist;
				IPHONEOS_DEPLOYMENT_TARGET = 14.5;
				LD_RUNPATH_SEARCH_PATHS = (
					"$(inherited)",
					"@executable_path/Frameworks",
					"@loader_path/Frameworks",
				);
				PRODUCT_BUNDLE_IDENTIFIER = com.melih.test1.AngryBirdCloneTests;
				PRODUCT_NAME = "$(TARGET_NAME)";
				SWIFT_VERSION = 5.0;
				TARGETED_DEVICE_FAMILY = "1,2";
				TEST_HOST = "$(BUILT_PRODUCTS_DIR)/AngryBirdClone.app/AngryBirdClone";
			};
			name = Release;
		};
		21D774FC292939BC0053499A /* Debug */ = {
			isa = XCBuildConfiguration;
			buildSettings = {
				ALWAYS_EMBED_SWIFT_STANDARD_LIBRARIES = YES;
				CODE_SIGN_STYLE = Automatic;
				DEVELOPMENT_TEAM = 3BX64U658L;
				INFOPLIST_FILE = AngryBirdCloneUITests/Info.plist;
				LD_RUNPATH_SEARCH_PATHS = (
					"$(inherited)",
					"@executable_path/Frameworks",
					"@loader_path/Frameworks",
				);
				PRODUCT_BUNDLE_IDENTIFIER = com.melih.test1.AngryBirdCloneUITests;
				PRODUCT_NAME = "$(TARGET_NAME)";
				SWIFT_VERSION = 5.0;
				TARGETED_DEVICE_FAMILY = "1,2";
				TEST_TARGET_NAME = AngryBirdClone;
			};
			name = Debug;
		};
		21D774FD292939BC0053499A /* Release */ = {
			isa = XCBuildConfiguration;
			buildSettings = {
				ALWAYS_EMBED_SWIFT_STANDARD_LIBRARIES = YES;
				CODE_SIGN_STYLE = Automatic;
				DEVELOPMENT_TEAM = 3BX64U658L;
				INFOPLIST_FILE = AngryBirdCloneUITests/Info.plist;
				LD_RUNPATH_SEARCH_PATHS = (
					"$(inherited)",
					"@executable_path/Frameworks",
					"@loader_path/Frameworks",
				);
				PRODUCT_BUNDLE_IDENTIFIER = com.melih.test1.AngryBirdCloneUITests;
				PRODUCT_NAME = "$(TARGET_NAME)";
				SWIFT_VERSION = 5.0;
				TARGETED_DEVICE_FAMILY = "1,2";
				TEST_TARGET_NAME = AngryBirdClone;
			};
			name = Release;
		};
/* End XCBuildConfiguration section */

/* Begin XCConfigurationList section */
		21D774C5292939BB0053499A /* Build configuration list for PBXProject "AngryBirdClone" */ = {
			isa = XCConfigurationList;
			buildConfigurations = (
				21D774F3292939BC0053499A /* Debug */,
				21D774F4292939BC0053499A /* Release */,
			);
			defaultConfigurationIsVisible = 0;
			defaultConfigurationName = Release;
		};
		21D774F5292939BC0053499A /* Build configuration list for PBXNativeTarget "AngryBirdClone" */ = {
			isa = XCConfigurationList;
			buildConfigurations = (
				21D774F6292939BC0053499A /* Debug */,
				21D774F7292939BC0053499A /* Release */,
			);
			defaultConfigurationIsVisible = 0;
			defaultConfigurationName = Release;
		};
		21D774F8292939BC0053499A /* Build configuration list for PBXNativeTarget "AngryBirdCloneTests" */ = {
			isa = XCConfigurationList;
			buildConfigurations = (
				21D774F9292939BC0053499A /* Debug */,
				21D774FA292939BC0053499A /* Release */,
			);
			defaultConfigurationIsVisible = 0;
			defaultConfigurationName = Release;
		};
		21D774FB292939BC0053499A /* Build configuration list for PBXNativeTarget "AngryBirdCloneUITests" */ = {
			isa = XCConfigurationList;
			buildConfigurations = (
				21D774FC292939BC0053499A /* Debug */,
				21D774FD292939BC0053499A /* Release */,
			);
			defaultConfigurationIsVisible = 0;
			defaultConfigurationName = Release;
		};
/* End XCConfigurationList section */
	};
	rootObject = 21D774C2292939BB0053499A /* Project object */;
}
